
Microsoft Visual Studio Solution File, Format Version 12.00
# Visual Studio 2015
Project("{FAE04EC0-301F-11D3-BF4B-00C04F79EFBC}") = "MeshInUnity_Test.CSharp", "MeshInUnity_Test.CSharp.csproj", "{EDF7CFE5-CE43-601E-6016-341A0267DFC5}"
EndProject
Global
	GlobalSection(SolutionConfigurationPlatforms) = preSolution
		Debug|Any CPU = Debug|Any CPU
		Release|Any CPU = Release|Any CPU
	EndGlobalSection
	GlobalSection(ProjectConfigurationPlatforms) = postSolution
		{EDF7CFE5-CE43-601E-6016-341A0267DFC5}.Debug|Any CPU.ActiveCfg = Debug|Any CPU
		{EDF7CFE5-CE43-601E-6016-341A0267DFC5}.Debug|Any CPU.Build.0 = Debug|Any CPU
		{EDF7CFE5-CE43-601E-6016-341A0267DFC5}.Release|Any CPU.ActiveCfg = Release|Any CPU
		{EDF7CFE5-CE43-601E-6016-341A0267DFC5}.Release|Any CPU.Build.0 = Release|Any CPU
	EndGlobalSection
	GlobalSection(SolutionProperties) = preSolution
		HideSolutionNode = FALSE
	EndGlobalSection
EndGlobal
